
Microsoft Visual Studio Solution File, Format Version 12.00
# Visual Studio 15
VisualStudioVersion = 15.0.27703.2042
MinimumVisualStudioVersion = 10.0.40219.1
Project("{FAE04EC0-301F-11D3-BF4B-00C04F79EFBC}") = "Exam.Ui", "Exam.Ui\Exam.Ui.csproj", "{76AE1E30-6322-4E39-915B-47B725409922}"
EndProject
Project("{FAE04EC0-301F-11D3-BF4B-00C04F79EFBC}") = "Exam.Models", "Exam.Models\Exam.Models.csproj", "{88C38F47-5893-4D6B-A6AD-3DCFD4917BDD}"
EndProject
Project("{FAE04EC0-301F-11D3-BF4B-00C04F79EFBC}") = "Exam.DataAcces", "Exam.DataAcces\Exam.DataAcces.csproj", "{DE311944-6395-4F16-ACB5-4D5A9C68D398}"
EndProject
Global
	GlobalSection(SolutionConfigurationPlatforms) = preSolution
		Debug|Any CPU = Debug|Any CPU
		Release|Any CPU = Release|Any CPU
	EndGlobalSection
	GlobalSection(ProjectConfigurationPlatforms) = postSolution
		{76AE1E30-6322-4E39-915B-47B725409922}.Debug|Any CPU.ActiveCfg = Debug|Any CPU
		{76AE1E30-6322-4E39-915B-47B725409922}.Debug|Any CPU.Build.0 = Debug|Any CPU
		{76AE1E30-6322-4E39-915B-47B725409922}.Release|Any CPU.ActiveCfg = Release|Any CPU
		{76AE1E30-6322-4E39-915B-47B725409922}.Release|Any CPU.Build.0 = Release|Any CPU
		{88C38F47-5893-4D6B-A6AD-3DCFD4917BDD}.Debug|Any CPU.ActiveCfg = Debug|Any CPU
		{88C38F47-5893-4D6B-A6AD-3DCFD4917BDD}.Debug|Any CPU.Build.0 = Debug|Any CPU
		{88C38F47-5893-4D6B-A6AD-3DCFD4917BDD}.Release|Any CPU.ActiveCfg = Release|Any CPU
		{88C38F47-5893-4D6B-A6AD-3DCFD4917BDD}.Release|Any CPU.Build.0 = Release|Any CPU
		{DE311944-6395-4F16-ACB5-4D5A9C68D398}.Debug|Any CPU.ActiveCfg = Debug|Any CPU
		{DE311944-6395-4F16-ACB5-4D5A9C68D398}.Debug|Any CPU.Build.0 = Debug|Any CPU
		{DE311944-6395-4F16-ACB5-4D5A9C68D398}.Release|Any CPU.ActiveCfg = Release|Any CPU
		{DE311944-6395-4F16-ACB5-4D5A9C68D398}.Release|Any CPU.Build.0 = Release|Any CPU
	EndGlobalSection
	GlobalSection(SolutionProperties) = preSolution
		HideSolutionNode = FALSE
	EndGlobalSection
	GlobalSection(ExtensibilityGlobals) = postSolution
		SolutionGuid = {30ADD835-B5C7-49F8-9764-A5407A020173}
	EndGlobalSection
EndGlobal
